// !$*UTF8*$!
{
	archiveVersion = 1;
	classes = {
	};
	objectVersion = 46;
	objects = {

/* Begin PBXBuildFile section */
		298451301D47EF08008D81B9 /* AppDelegate.swift in Sources */ = {isa = PBXBuildFile; fileRef = 2984512F1D47EF08008D81B9 /* AppDelegate.swift */; };
		298451351D47EF08008D81B9 /* Main.storyboard in Resources */ = {isa = PBXBuildFile; fileRef = 298451331D47EF08008D81B9 /* Main.storyboard */; };
		298451421D47F0BF008D81B9 /* MetalView.swift in Sources */ = {isa = PBXBuildFile; fileRef = 298451411D47F0BF008D81B9 /* MetalView.swift */; };
/* End PBXBuildFile section */

/* Begin PBXFileReference section */
		2984512C1D47EF08008D81B9 /* chapter06.app */ = {isa = PBXFileReference; explicitFileType = wrapper.application; includeInIndex = 0; path = chapter06.app; sourceTree = BUILT_PRODUCTS_DIR; };
		2984512F1D47EF08008D81B9 /* AppDelegate.swift */ = {isa = PBXFileReference; lastKnownFileType = sourcecode.swift; path = AppDelegate.swift; sourceTree = "<group>"; };
		298451341D47EF08008D81B9 /* Base */ = {isa = PBXFileReference; lastKnownFileType = file.storyboard; name = Base; path = Base.lproj/Main.storyboard; sourceTree = "<group>"; };
		2984513B1D47EF08008D81B9 /* Info.plist */ = {isa = PBXFileReference; lastKnownFileType = text.plist.xml; path = Info.plist; sourceTree = "<group>"; };
		298451411D47F0BF008D81B9 /* MetalView.swift */ = {isa = PBXFileReference; fileEncoding = 4; lastKnownFileType = sourcecode.swift; path = MetalView.swift; sourceTree = "<group>"; };
/* End PBXFileReference section */

/* Begin PBXFrameworksBuildPhase section */
		298451291D47EF08008D81B9 /* Frameworks */ = {
			isa = PBXFrameworksBuildPhase;
			buildActionMask = 2147483647;
			files = (
			);
			runOnlyForDeploymentPostprocessing = 0;
		};
/* End PBXFrameworksBuildPhase section */

/* Begin PBXGroup section */
		297F43071DEA287400638FC8 /* Supporting files */ = {
			isa = PBXGroup;
			children = (
				298451331D47EF08008D81B9 /* Main.storyboard */,
				2984513B1D47EF08008D81B9 /* Info.plist */,
				2984512F1D47EF08008D81B9 /* AppDelegate.swift */,
			);
			name = "Supporting files";
			sourceTree = "<group>";
		};
		298451231D47EF07008D81B9 = {
			isa = PBXGroup;
			children = (
				2984512E1D47EF08008D81B9 /* chapter06 */,
				2984512D1D47EF08008D81B9 /* Products */,
			);
			sourceTree = "<group>";
		};
		2984512D1D47EF08008D81B9 /* Products */ = {
			isa = PBXGroup;
			children = (
				2984512C1D47EF08008D81B9 /* chapter06.app */,
			);
			name = Products;
			sourceTree = "<group>";
		};
		2984512E1D47EF08008D81B9 /* chapter06 */ = {
			isa = PBXGroup;
			children = (
				298451411D47F0BF008D81B9 /* MetalView.swift */,
				297F43071DEA287400638FC8 /* Supporting files */,
			);
			path = chapter06;
			sourceTree = "<group>";
		};
/* End PBXGroup section */

/* Begin PBXNativeTarget section */
		2984512B1D47EF08008D81B9 /* chapter06 */ = {
			isa = PBXNativeTarget;
			buildConfigurationList = 2984513E1D47EF08008D81B9 /* Build configuration list for PBXNativeTarget "chapter06" */;
			buildPhases = (
				298451281D47EF08008D81B9 /* Sources */,
				298451291D47EF08008D81B9 /* Frameworks */,
				2984512A1D47EF08008D81B9 /* Resources */,
			);
			buildRules = (
			);
			dependencies = (
			);
			name = chapter06;
			productName = chapter06;
			productReference = 2984512C1D47EF08008D81B9 /* chapter06.app */;
			productType = "com.apple.product-type.application";
		};
/* End PBXNativeTarget section */

/* Begin PBXProject section */
		298451241D47EF07008D81B9 /* Project object */ = {
			isa = PBXProject;
			attributes = {
				LastSwiftUpdateCheck = 0800;
				LastUpgradeCheck = 0810;
				ORGANIZATIONNAME = Marius;
				TargetAttributes = {
					2984512B1D47EF08008D81B9 = {
						CreatedOnToolsVersion = 8.0;
						DevelopmentTeam = C2X9Q6VFVJ;
						DevelopmentTeamName = "Marius Horga";
						ProvisioningStyle = Automatic;
					};
				};
			};
			buildConfigurationList = 298451271D47EF07008D81B9 /* Build configuration list for PBXProject "chapter06" */;
			compatibilityVersion = "Xcode 3.2";
			developmentRegion = English;
			hasScannedForEncodings = 0;
			knownRegions = (
				en,
				Base,
			);
			mainGroup = 298451231D47EF07008D81B9;
			productRefGroup = 2984512D1D47EF08008D81B9 /* Products */;
			projectDirPath = "";
			projectRoot = "";
			targets = (
				2984512B1D47EF08008D81B9 /* chapter06 */,
			);
		};
/* End PBXProject section */

/* Begin PBXResourcesBuildPhase section */
		2984512A1D47EF08008D81B9 /* Resources */ = {
			isa = PBXResourcesBuildPhase;
			buildActionMask = 2147483647;
			files = (
				298451351D47EF08008D81B9 /* Main.storyboard in Resources */,
			);
			runOnlyForDeploymentPostprocessing = 0;
		};
/* End PBXResourcesBuildPhase section */

/* Begin PBXSourcesBuildPhase section */
		298451281D47EF08008D81B9 /* Sources */ = {
			isa = PBXSourcesBuildPhase;
			buildActionMask = 2147483647;
			files = (
				298451421D47F0BF008D81B9 /* MetalView.swift in Sources */,
				298451301D47EF08008D81B9 /* AppDelegate.swift in Sources */,
			);
			runOnlyForDeploymentPostprocessing = 0;
		};
/* End PBXSourcesBuildPhase section */

/* Begin PBXVariantGroup section */
		298451331D47EF08008D81B9 /* Main.storyboard */ = {
			isa = PBXVariantGroup;
			children = (
				298451341D47EF08008D81B9 /* Base */,
			);
			name = Main.storyboard;
			sourceTree = "<group>";
		};
/* End PBXVariantGroup section */

/* Begin XCBuildConfiguration section */
		2984513C1D47EF08008D81B9 /* Debug */ = {
			isa = XCBuildConfiguration;
			buildSettings = {
				ALWAYS_SEARCH_USER_PATHS = NO;
				CLANG_ANALYZER_NONNULL = YES;
				CLANG_CXX_LANGUAGE_STANDARD = "gnu++0x";
				CLANG_CXX_LIBRARY = "libc++";
				CLANG_ENABLE_MODULES = YES;
				CLANG_ENABLE_OBJC_ARC = YES;
				CLANG_WARN_BOOL_CONVERSION = YES;
				CLANG_WARN_CONSTANT_CONVERSION = YES;
				CLANG_WARN_DIRECT_OBJC_ISA_USAGE = YES_ERROR;
				CLANG_WARN_DOCUMENTATION_COMMENTS = YES;
				CLANG_WARN_EMPTY_BODY = YES;
				CLANG_WARN_ENUM_CONVERSION = YES;
				CLANG_WARN_INFINITE_RECURSION = YES;
				CLANG_WARN_INT_CONVERSION = YES;
				CLANG_WARN_OBJC_ROOT_CLASS = YES_ERROR;
				CLANG_WARN_SUSPICIOUS_MOVE = YES;
				CLANG_WARN_UNREACHABLE_CODE = YES;
				CLANG_WARN__DUPLICATE_METHOD_MATCH = YES;
				"CODE_SIGN_IDENTITY[sdk=iphoneos*]" = "iPhone Developer";
				COPY_PHASE_STRIP = NO;
				DEBUG_INFORMATION_FORMAT = dwarf;
				ENABLE_STRICT_OBJC_MSGSEND = YES;
				ENABLE_TESTABILITY = YES;
				GCC_C_LANGUAGE_STANDARD = gnu99;
				GCC_DYNAMIC_NO_PIC = NO;
				GCC_NO_COMMON_BLOCKS = YES;
				GCC_OPTIMIZATION_LEVEL = 0;
				GCC_PREPROCESSOR_DEFINITIONS = (
					"DEBUG=1",
					"$(inherited)",
				);
				GCC_WARN_64_TO_32_BIT_CONVERSION = YES;
				GCC_WARN_ABOUT_RETURN_TYPE = YES_ERROR;
				GCC_WARN_UNDECLARED_SELECTOR = YES;
				GCC_WARN_UNINITIALIZED_AUTOS = YES_AGGRESSIVE;
				GCC_WARN_UNUSED_FUNCTION = YES;
				GCC_WARN_UNUSED_VARIABLE = YES;
				IPHONEOS_DEPLOYMENT_TARGET = 10.0;
				MTL_ENABLE_DEBUG_INFO = YES;
				ONLY_ACTIVE_ARCH = YES;
				SDKROOT = iphoneos;
				SWIFT_ACTIVE_COMPILATION_CONDITIONS = DEBUG;
				SWIFT_OPTIMIZATION_LEVEL = "-Onone";
				TARGETED_DEVICE_FAMILY = "1,2";
			};
			name = Debug;
		};
		2984513D1D47EF08008D81B9 /* Release */ = {
			isa = XCBuildConfiguration;
			buildSettings = {
				ALWAYS_SEARCH_USER_PATHS = NO;
				CLANG_ANALYZER_NONNULL = YES;
				CLANG_CXX_LANGUAGE_STANDARD = "gnu++0x";
				CLANG_CXX_LIBRARY = "libc++";
				CLANG_ENABLE_MODULES = YES;
				CLANG_ENABLE_OBJC_ARC = YES;
				CLANG_WARN_BOOL_CONVERSION = YES;
				CLANG_WARN_CONSTANT_CONVERSION = YES;
				CLANG_WARN_DIRECT_OBJC_ISA_USAGE = YES_ERROR;
				CLANG_WARN_DOCUMENTATION_COMMENTS = YES;
				CLANG_WARN_EMPTY_BODY = YES;
				CLANG_WARN_ENUM_CONVERSION = YES;
				CLANG_WARN_INFINITE_RECURSION = YES;
				CLANG_WARN_INT_CONVERSION = YES;
				CLANG_WARN_OBJC_ROOT_CLASS = YES_ERROR;
				CLANG_WARN_SUSPICIOUS_MOVE = YES;
				CLANG_WARN_UNREACHABLE_CODE = YES;
				CLANG_WARN__DUPLICATE_METHOD_MATCH = YES;
				"CODE_SIGN_IDENTITY[sdk=iphoneos*]" = "iPhone Developer";
				COPY_PHASE_STRIP = NO;
				DEBUG_INFORMATION_FORMAT = "dwarf-with-dsym";
				ENABLE_NS_ASSERTIONS = NO;
				ENABLE_STRICT_OBJC_MSGSEND = YES;
				GCC_C_LANGUAGE_STANDARD = gnu99;
				GCC_NO_COMMON_BLOCKS = YES;
				GCC_WARN_64_TO_32_BIT_CONVERSION = YES;
				GCC_WARN_ABOUT_RETURN_TYPE = YES_ERROR;
				GCC_WARN_UNDECLARED_SELECTOR = YES;
				GCC_WARN_UNINITIALIZED_AUTOS = YES_AGGRESSIVE;
				GCC_WARN_UNUSED_FUNCTION = YES;
				GCC_WARN_UNUSED_VARIABLE = YES;
				IPHONEOS_DEPLOYMENT_TARGET = 10.0;
				MTL_ENABLE_DEBUG_INFO = NO;
				SDKROOT = iphoneos;
				SWIFT_OPTIMIZATION_LEVEL = "-Owholemodule";
				TARGETED_DEVICE_FAMILY = "1,2";
				VALIDATE_PRODUCT = YES;
			};
			name = Release;
		};
		2984513F1D47EF08008D81B9 /* Debug */ = {
			isa = XCBuildConfiguration;
			buildSettings = {
				"CODE_SIGN_IDENTITY[sdk=iphoneos*]" = "iPhone Developer";
				INFOPLIST_FILE = chapter06/Info.plist;
				LD_RUNPATH_SEARCH_PATHS = "$(inherited) @executable_path/Frameworks";
				PRODUCT_BUNDLE_IDENTIFIER = org.metalkit.chapter06;
				PRODUCT_NAME = "$(TARGET_NAME)";
				PROVISIONING_PROFILE = "";
				PROVISIONING_PROFILE_SPECIFIER = "";
				SWIFT_VERSION = 3.0;
			};
			name = Debug;
		};
		298451401D47EF08008D81B9 /* Release */ = {
			isa = XCBuildConfiguration;
			buildSettings = {
				"CODE_SIGN_IDENTITY[sdk=iphoneos*]" = "iPhone Developer";
				INFOPLIST_FILE = chapter06/Info.plist;
				LD_RUNPATH_SEARCH_PATHS = "$(inherited) @executable_path/Frameworks";
				PRODUCT_BUNDLE_IDENTIFIER = org.metalkit.chapter06;
				PRODUCT_NAME = "$(TARGET_NAME)";
				SWIFT_VERSION = 3.0;
			};
			name = Release;
		};
/* End XCBuildConfiguration section */

/* Begin XCConfigurationList section */
		298451271D47EF07008D81B9 /* Build configuration list for PBXProject "chapter06" */ = {
			isa = XCConfigurationList;
			buildConfigurations = (
				2984513C1D47EF08008D81B9 /* Debug */,
				2984513D1D47EF08008D81B9 /* Release */,
			);
			defaultConfigurationIsVisible = 0;
			defaultConfigurationName = Release;
		};
		2984513E1D47EF08008D81B9 /* Build configuration list for PBXNativeTarget "chapter06" */ = {
			isa = XCConfigurationList;
			buildConfigurations = (
				2984513F1D47EF08008D81B9 /* Debug */,
				298451401D47EF08008D81B9 /* Release */,
			);
			defaultConfigurationIsVisible = 0;
			defaultConfigurationName = Release;
		};
/* End XCConfigurationList section */
	};
	rootObject = 298451241D47EF07008D81B9 /* Project object */;
}
